
Microsoft Visual Studio Solution File, Format Version 12.00
# Visual Studio Version 17
VisualStudioVersion = 17.14.36414.22 d17.14
MinimumVisualStudioVersion = 10.0.40219.1
Project("{FAE04EC0-301F-11D3-BF4B-00C04F79EFBC}") = "WindFormPraktikum9", "WindFormPraktikum9\WindFormPraktikum9.csproj", "{1AA577EA-C575-4301-B19F-034AEBD11868}"
EndProject
Global
	GlobalSection(SolutionConfigurationPlatforms) = preSolution
		Debug|Any CPU = Debug|Any CPU
		Release|Any CPU = Release|Any CPU
	EndGlobalSection
	GlobalSection(ProjectConfigurationPlatforms) = postSolution
		{1AA577EA-C575-4301-B19F-034AEBD11868}.Debug|Any CPU.ActiveCfg = Debug|Any CPU
		{1AA577EA-C575-4301-B19F-034AEBD11868}.Debug|Any CPU.Build.0 = Debug|Any CPU
		{1AA577EA-C575-4301-B19F-034AEBD11868}.Release|Any CPU.ActiveCfg = Release|Any CPU
		{1AA577EA-C575-4301-B19F-034AEBD11868}.Release|Any CPU.Build.0 = Release|Any CPU
	EndGlobalSection
	GlobalSection(SolutionProperties) = preSolution
		HideSolutionNode = FALSE
	EndGlobalSection
	GlobalSection(ExtensibilityGlobals) = postSolution
		SolutionGuid = {846E5CD6-9DAF-468F-AE67-1F3C8C09BFF0}
	EndGlobalSection
EndGlobal
